// !$*UTF8*$!
{
	archiveVersion = 1;
	classes = {
	};
	objectVersion = 48;
	objects = {

/* Begin PBXBuildFile section */
		5346F53E58A331DC3473390A /* Pods_ServerAPIDemo.framework in Frameworks */ = {isa = PBXBuildFile; fileRef = 6BABCD9A0D32D8D0BD85EC20 /* Pods_ServerAPIDemo.framework */; };
		9628187E1FB853CF009B835A /* Models.swift in Sources */ = {isa = PBXBuildFile; fileRef = 9628187D1FB853CF009B835A /* Models.swift */; };
		96A63CFB1FB73C6B006D1865 /* AppDelegate.swift in Sources */ = {isa = PBXBuildFile; fileRef = 96A63CFA1FB73C6B006D1865 /* AppDelegate.swift */; };
		96A63CFD1FB73C6B006D1865 /* ViewController.swift in Sources */ = {isa = PBXBuildFile; fileRef = 96A63CFC1FB73C6B006D1865 /* ViewController.swift */; };
		96A63D001FB73C6B006D1865 /* Main.storyboard in Resources */ = {isa = PBXBuildFile; fileRef = 96A63CFE1FB73C6B006D1865 /* Main.storyboard */; };
		96A63D021FB73C6B006D1865 /* Assets.xcassets in Resources */ = {isa = PBXBuildFile; fileRef = 96A63D011FB73C6B006D1865 /* Assets.xcassets */; };
		96A63D051FB73C6B006D1865 /* LaunchScreen.storyboard in Resources */ = {isa = PBXBuildFile; fileRef = 96A63D031FB73C6B006D1865 /* LaunchScreen.storyboard */; };
		96A63D0D1FB74125006D1865 /* ServerAPI.swift in Sources */ = {isa = PBXBuildFile; fileRef = 96A63D0C1FB74125006D1865 /* ServerAPI.swift */; };
/* End PBXBuildFile section */

/* Begin PBXFileReference section */
		6BABCD9A0D32D8D0BD85EC20 /* Pods_ServerAPIDemo.framework */ = {isa = PBXFileReference; explicitFileType = wrapper.framework; includeInIndex = 0; path = Pods_ServerAPIDemo.framework; sourceTree = BUILT_PRODUCTS_DIR; };
		82060E21A83C88D9DE1783CA /* Pods-ServerAPIDemo.release.xcconfig */ = {isa = PBXFileReference; includeInIndex = 1; lastKnownFileType = text.xcconfig; name = "Pods-ServerAPIDemo.release.xcconfig"; path = "Pods/Target Support Files/Pods-ServerAPIDemo/Pods-ServerAPIDemo.release.xcconfig"; sourceTree = "<group>"; };
		9628187D1FB853CF009B835A /* Models.swift */ = {isa = PBXFileReference; lastKnownFileType = sourcecode.swift; path = Models.swift; sourceTree = "<group>"; };
		96A63CF71FB73C6B006D1865 /* ServerAPIDemo.app */ = {isa = PBXFileReference; explicitFileType = wrapper.application; includeInIndex = 0; path = ServerAPIDemo.app; sourceTree = BUILT_PRODUCTS_DIR; };
		96A63CFA1FB73C6B006D1865 /* AppDelegate.swift */ = {isa = PBXFileReference; lastKnownFileType = sourcecode.swift; path = AppDelegate.swift; sourceTree = "<group>"; };
		96A63CFC1FB73C6B006D1865 /* ViewController.swift */ = {isa = PBXFileReference; lastKnownFileType = sourcecode.swift; path = ViewController.swift; sourceTree = "<group>"; };
		96A63CFF1FB73C6B006D1865 /* Base */ = {isa = PBXFileReference; lastKnownFileType = file.storyboard; name = Base; path = Base.lproj/Main.storyboard; sourceTree = "<group>"; };
		96A63D011FB73C6B006D1865 /* Assets.xcassets */ = {isa = PBXFileReference; lastKnownFileType = folder.assetcatalog; path = Assets.xcassets; sourceTree = "<group>"; };
		96A63D041FB73C6B006D1865 /* Base */ = {isa = PBXFileReference; lastKnownFileType = file.storyboard; name = Base; path = Base.lproj/LaunchScreen.storyboard; sourceTree = "<group>"; };
		96A63D061FB73C6B006D1865 /* Info.plist */ = {isa = PBXFileReference; lastKnownFileType = text.plist.xml; path = Info.plist; sourceTree = "<group>"; };
		96A63D0C1FB74125006D1865 /* ServerAPI.swift */ = {isa = PBXFileReference; lastKnownFileType = sourcecode.swift; path = ServerAPI.swift; sourceTree = "<group>"; };
		AC27B47E9DC71848ADA2E3D2 /* Pods-ServerAPIDemo.debug.xcconfig */ = {isa = PBXFileReference; includeInIndex = 1; lastKnownFileType = text.xcconfig; name = "Pods-ServerAPIDemo.debug.xcconfig"; path = "Pods/Target Support Files/Pods-ServerAPIDemo/Pods-ServerAPIDemo.debug.xcconfig"; sourceTree = "<group>"; };
/* End PBXFileReference section */

/* Begin PBXFrameworksBuildPhase section */
		96A63CF41FB73C6B006D1865 /* Frameworks */ = {
			isa = PBXFrameworksBuildPhase;
			buildActionMask = 2147483647;
			files = (
				5346F53E58A331DC3473390A /* Pods_ServerAPIDemo.framework in Frameworks */,
			);
			runOnlyForDeploymentPostprocessing = 0;
		};
/* End PBXFrameworksBuildPhase section */

/* Begin PBXGroup section */
		5005004821993E38EFF3360B /* Frameworks */ = {
			isa = PBXGroup;
			children = (
				6BABCD9A0D32D8D0BD85EC20 /* Pods_ServerAPIDemo.framework */,
			);
			name = Frameworks;
			sourceTree = "<group>";
		};
		96A63CEE1FB73C6B006D1865 = {
			isa = PBXGroup;
			children = (
				96A63CF91FB73C6B006D1865 /* ServerAPIDemo */,
				96A63CF81FB73C6B006D1865 /* Products */,
				B763B40843106D9B5B962ECD /* Pods */,
				5005004821993E38EFF3360B /* Frameworks */,
			);
			sourceTree = "<group>";
		};
		96A63CF81FB73C6B006D1865 /* Products */ = {
			isa = PBXGroup;
			children = (
				96A63CF71FB73C6B006D1865 /* ServerAPIDemo.app */,
			);
			name = Products;
			sourceTree = "<group>";
		};
		96A63CF91FB73C6B006D1865 /* ServerAPIDemo */ = {
			isa = PBXGroup;
			children = (
				96A63CFA1FB73C6B006D1865 /* AppDelegate.swift */,
				96A63CFC1FB73C6B006D1865 /* ViewController.swift */,
				96A63D0C1FB74125006D1865 /* ServerAPI.swift */,
				9628187D1FB853CF009B835A /* Models.swift */,
				96A63CFE1FB73C6B006D1865 /* Main.storyboard */,
				96A63D011FB73C6B006D1865 /* Assets.xcassets */,
				96A63D031FB73C6B006D1865 /* LaunchScreen.storyboard */,
				96A63D061FB73C6B006D1865 /* Info.plist */,
			);
			path = ServerAPIDemo;
			sourceTree = "<group>";
		};
		B763B40843106D9B5B962ECD /* Pods */ = {
			isa = PBXGroup;
			children = (
				AC27B47E9DC71848ADA2E3D2 /* Pods-ServerAPIDemo.debug.xcconfig */,
				82060E21A83C88D9DE1783CA /* Pods-ServerAPIDemo.release.xcconfig */,
			);
			name = Pods;
			sourceTree = "<group>";
		};
/* End PBXGroup section */

/* Begin PBXNativeTarget section */
		96A63CF61FB73C6B006D1865 /* ServerAPIDemo */ = {
			isa = PBXNativeTarget;
			buildConfigurationList = 96A63D091FB73C6B006D1865 /* Build configuration list for PBXNativeTarget "ServerAPIDemo" */;
			buildPhases = (
				2601DDBAF5005D6E4712C413 /* [CP] Check Pods Manifest.lock */,
				96A63CF31FB73C6B006D1865 /* Sources */,
				96A63CF41FB73C6B006D1865 /* Frameworks */,
				96A63CF51FB73C6B006D1865 /* Resources */,
				D4F8D5D59A7A59626D894E8F /* [CP] Embed Pods Frameworks */,
				13C3D797F6BB23D583D28EB8 /* [CP] Copy Pods Resources */,
			);
			buildRules = (
			);
			dependencies = (
			);
			name = ServerAPIDemo;
			productName = ServerAPIDemo;
			productReference = 96A63CF71FB73C6B006D1865 /* ServerAPIDemo.app */;
			productType = "com.apple.product-type.application";
		};
/* End PBXNativeTarget section */

/* Begin PBXProject section */
		96A63CEF1FB73C6B006D1865 /* Project object */ = {
			isa = PBXProject;
			attributes = {
				LastSwiftUpdateCheck = 0900;
				LastUpgradeCheck = 0900;
				ORGANIZATIONNAME = Demo;
				TargetAttributes = {
					96A63CF61FB73C6B006D1865 = {
						CreatedOnToolsVersion = 9.0.1;
						ProvisioningStyle = Automatic;
					};
				};
			};
			buildConfigurationList = 96A63CF21FB73C6B006D1865 /* Build configuration list for PBXProject "ServerAPIDemo" */;
			compatibilityVersion = "Xcode 8.0";
			developmentRegion = en;
			hasScannedForEncodings = 0;
			knownRegions = (
				en,
				Base,
			);
			mainGroup = 96A63CEE1FB73C6B006D1865;
			productRefGroup = 96A63CF81FB73C6B006D1865 /* Products */;
			projectDirPath = "";
			projectRoot = "";
			targets = (
				96A63CF61FB73C6B006D1865 /* ServerAPIDemo */,
			);
		};
/* End PBXProject section */

/* Begin PBXResourcesBuildPhase section */
		96A63CF51FB73C6B006D1865 /* Resources */ = {
			isa = PBXResourcesBuildPhase;
			buildActionMask = 2147483647;
			files = (
				96A63D051FB73C6B006D1865 /* LaunchScreen.storyboard in Resources */,
				96A63D021FB73C6B006D1865 /* Assets.xcassets in Resources */,
				96A63D001FB73C6B006D1865 /* Main.storyboard in Resources */,
			);
			runOnlyForDeploymentPostprocessing = 0;
		};
/* End PBXResourcesBuildPhase section */

/* Begin PBXShellScriptBuildPhase section */
		13C3D797F6BB23D583D28EB8 /* [CP] Copy Pods Resources */ = {
			isa = PBXShellScriptBuildPhase;
			buildActionMask = 2147483647;
			files = (
			);
			inputPaths = (
			);
			name = "[CP] Copy Pods Resources";
			outputPaths = (
			);
			runOnlyForDeploymentPostprocessing = 0;
			shellPath = /bin/sh;
			shellScript = "\"${SRCROOT}/Pods/Target Support Files/Pods-ServerAPIDemo/Pods-ServerAPIDemo-resources.sh\"\n";
			showEnvVarsInLog = 0;
		};
		2601DDBAF5005D6E4712C413 /* [CP] Check Pods Manifest.lock */ = {
			isa = PBXShellScriptBuildPhase;
			buildActionMask = 2147483647;
			files = (
			);
			inputPaths = (
			);
			name = "[CP] Check Pods Manifest.lock";
			outputPaths = (
			);
			runOnlyForDeploymentPostprocessing = 0;
			shellPath = /bin/sh;
			shellScript = "diff \"${PODS_PODFILE_DIR_PATH}/Podfile.lock\" \"${PODS_ROOT}/Manifest.lock\" > /dev/null\nif [ $? != 0 ] ; then\n    # print error to STDERR\n    echo \"error: The sandbox is not in sync with the Podfile.lock. Run 'pod install' or update your CocoaPods installation.\" >&2\n    exit 1\nfi\n";
			showEnvVarsInLog = 0;
		};
		D4F8D5D59A7A59626D894E8F /* [CP] Embed Pods Frameworks */ = {
			isa = PBXShellScriptBuildPhase;
			buildActionMask = 2147483647;
			files = (
			);
			inputPaths = (
			);
			name = "[CP] Embed Pods Frameworks";
			outputPaths = (
			);
			runOnlyForDeploymentPostprocessing = 0;
			shellPath = /bin/sh;
			shellScript = "\"${SRCROOT}/Pods/Target Support Files/Pods-ServerAPIDemo/Pods-ServerAPIDemo-frameworks.sh\"\n";
			showEnvVarsInLog = 0;
		};
/* End PBXShellScriptBuildPhase section */

/* Begin PBXSourcesBuildPhase section */
		96A63CF31FB73C6B006D1865 /* Sources */ = {
			isa = PBXSourcesBuildPhase;
			buildActionMask = 2147483647;
			files = (
				96A63CFD1FB73C6B006D1865 /* ViewController.swift in Sources */,
				96A63D0D1FB74125006D1865 /* ServerAPI.swift in Sources */,
				96A63CFB1FB73C6B006D1865 /* AppDelegate.swift in Sources */,
				9628187E1FB853CF009B835A /* Models.swift in Sources */,
			);
			runOnlyForDeploymentPostprocessing = 0;
		};
/* End PBXSourcesBuildPhase section */

/* Begin PBXVariantGroup section */
		96A63CFE1FB73C6B006D1865 /* Main.storyboard */ = {
			isa = PBXVariantGroup;
			children = (
				96A63CFF1FB73C6B006D1865 /* Base */,
			);
			name = Main.storyboard;
			sourceTree = "<group>";
		};
		96A63D031FB73C6B006D1865 /* LaunchScreen.storyboard */ = {
			isa = PBXVariantGroup;
			children = (
				96A63D041FB73C6B006D1865 /* Base */,
			);
			name = LaunchScreen.storyboard;
			sourceTree = "<group>";
		};
/* End PBXVariantGroup section */

/* Begin XCBuildConfiguration section */
		96A63D071FB73C6B006D1865 /* Debug */ = {
			isa = XCBuildConfiguration;
			buildSettings = {
				ALWAYS_SEARCH_USER_PATHS = NO;
				CLANG_ANALYZER_NONNULL = YES;
				CLANG_ANALYZER_NUMBER_OBJECT_CONVERSION = YES_AGGRESSIVE;
				CLANG_CXX_LANGUAGE_STANDARD = "gnu++14";
				CLANG_CXX_LIBRARY = "libc++";
				CLANG_ENABLE_MODULES = YES;
				CLANG_ENABLE_OBJC_ARC = YES;
				CLANG_WARN_BLOCK_CAPTURE_AUTORELEASING = YES;
				CLANG_WARN_BOOL_CONVERSION = YES;
				CLANG_WARN_COMMA = YES;
				CLANG_WARN_CONSTANT_CONVERSION = YES;
				CLANG_WARN_DIRECT_OBJC_ISA_USAGE = YES_ERROR;
				CLANG_WARN_DOCUMENTATION_COMMENTS = YES;
				CLANG_WARN_EMPTY_BODY = YES;
				CLANG_WARN_ENUM_CONVERSION = YES;
				CLANG_WARN_INFINITE_RECURSION = YES;
				CLANG_WARN_INT_CONVERSION = YES;
				CLANG_WARN_NON_LITERAL_NULL_CONVERSION = YES;
				CLANG_WARN_OBJC_LITERAL_CONVERSION = YES;
				CLANG_WARN_OBJC_ROOT_CLASS = YES_ERROR;
				CLANG_WARN_RANGE_LOOP_ANALYSIS = YES;
				CLANG_WARN_STRICT_PROTOTYPES = YES;
				CLANG_WARN_SUSPICIOUS_MOVE = YES;
				CLANG_WARN_UNGUARDED_AVAILABILITY = YES_AGGRESSIVE;
				CLANG_WARN_UNREACHABLE_CODE = YES;
				CLANG_WARN__DUPLICATE_METHOD_MATCH = YES;
				CODE_SIGN_IDENTITY = "iPhone Developer";
				COPY_PHASE_STRIP = NO;
				DEBUG_INFORMATION_FORMAT = dwarf;
				ENABLE_STRICT_OBJC_MSGSEND = YES;
				ENABLE_TESTABILITY = YES;
				GCC_C_LANGUAGE_STANDARD = gnu11;
				GCC_DYNAMIC_NO_PIC = NO;
				GCC_NO_COMMON_BLOCKS = YES;
				GCC_OPTIMIZATION_LEVEL = 0;
				GCC_PREPROCESSOR_DEFINITIONS = (
					"DEBUG=1",
					"$(inherited)",
				);
				GCC_WARN_64_TO_32_BIT_CONVERSION = YES;
				GCC_WARN_ABOUT_RETURN_TYPE = YES_ERROR;
				GCC_WARN_UNDECLARED_SELECTOR = YES;
				GCC_WARN_UNINITIALIZED_AUTOS = YES_AGGRESSIVE;
				GCC_WARN_UNUSED_FUNCTION = YES;
				GCC_WARN_UNUSED_VARIABLE = YES;
				IPHONEOS_DEPLOYMENT_TARGET = 11.0;
				MTL_ENABLE_DEBUG_INFO = YES;
				ONLY_ACTIVE_ARCH = YES;
				SDKROOT = iphoneos;
				SWIFT_ACTIVE_COMPILATION_CONDITIONS = DEBUG;
				SWIFT_OPTIMIZATION_LEVEL = "-Onone";
			};
			name = Debug;
		};
		96A63D081FB73C6B006D1865 /* Release */ = {
			isa = XCBuildConfiguration;
			buildSettings = {
				ALWAYS_SEARCH_USER_PATHS = NO;
				CLANG_ANALYZER_NONNULL = YES;
				CLANG_ANALYZER_NUMBER_OBJECT_CONVERSION = YES_AGGRESSIVE;
				CLANG_CXX_LANGUAGE_STANDARD = "gnu++14";
				CLANG_CXX_LIBRARY = "libc++";
				CLANG_ENABLE_MODULES = YES;
				CLANG_ENABLE_OBJC_ARC = YES;
				CLANG_WARN_BLOCK_CAPTURE_AUTORELEASING = YES;
				CLANG_WARN_BOOL_CONVERSION = YES;
				CLANG_WARN_COMMA = YES;
				CLANG_WARN_CONSTANT_CONVERSION = YES;
				CLANG_WARN_DIRECT_OBJC_ISA_USAGE = YES_ERROR;
				CLANG_WARN_DOCUMENTATION_COMMENTS = YES;
				CLANG_WARN_EMPTY_BODY = YES;
				CLANG_WARN_ENUM_CONVERSION = YES;
				CLANG_WARN_INFINITE_RECURSION = YES;
				CLANG_WARN_INT_CONVERSION = YES;
				CLANG_WARN_NON_LITERAL_NULL_CONVERSION = YES;
				CLANG_WARN_OBJC_LITERAL_CONVERSION = YES;
				CLANG_WARN_OBJC_ROOT_CLASS = YES_ERROR;
				CLANG_WARN_RANGE_LOOP_ANALYSIS = YES;
				CLANG_WARN_STRICT_PROTOTYPES = YES;
				CLANG_WARN_SUSPICIOUS_MOVE = YES;
				CLANG_WARN_UNGUARDED_AVAILABILITY = YES_AGGRESSIVE;
				CLANG_WARN_UNREACHABLE_CODE = YES;
				CLANG_WARN__DUPLICATE_METHOD_MATCH = YES;
				CODE_SIGN_IDENTITY = "iPhone Developer";
				COPY_PHASE_STRIP = NO;
				DEBUG_INFORMATION_FORMAT = "dwarf-with-dsym";
				ENABLE_NS_ASSERTIONS = NO;
				ENABLE_STRICT_OBJC_MSGSEND = YES;
				GCC_C_LANGUAGE_STANDARD = gnu11;
				GCC_NO_COMMON_BLOCKS = YES;
				GCC_WARN_64_TO_32_BIT_CONVERSION = YES;
				GCC_WARN_ABOUT_RETURN_TYPE = YES_ERROR;
				GCC_WARN_UNDECLARED_SELECTOR = YES;
				GCC_WARN_UNINITIALIZED_AUTOS = YES_AGGRESSIVE;
				GCC_WARN_UNUSED_FUNCTION = YES;
				GCC_WARN_UNUSED_VARIABLE = YES;
				IPHONEOS_DEPLOYMENT_TARGET = 11.0;
				MTL_ENABLE_DEBUG_INFO = NO;
				SDKROOT = iphoneos;
				SWIFT_OPTIMIZATION_LEVEL = "-Owholemodule";
				VALIDATE_PRODUCT = YES;
			};
			name = Release;
		};
		96A63D0A1FB73C6B006D1865 /* Debug */ = {
			isa = XCBuildConfiguration;
			baseConfigurationReference = AC27B47E9DC71848ADA2E3D2 /* Pods-ServerAPIDemo.debug.xcconfig */;
			buildSettings = {
				ASSETCATALOG_COMPILER_APPICON_NAME = AppIcon;
				CODE_SIGN_STYLE = Automatic;
				INFOPLIST_FILE = ServerAPIDemo/Info.plist;
				LD_RUNPATH_SEARCH_PATHS = "$(inherited) @executable_path/Frameworks";
				PRODUCT_BUNDLE_IDENTIFIER = com.tangtao.ServerAPIDemo;
				PRODUCT_NAME = "$(TARGET_NAME)";
				SWIFT_VERSION = 3.0;
				TARGETED_DEVICE_FAMILY = "1,2";
			};
			name = Debug;
		};
		96A63D0B1FB73C6B006D1865 /* Release */ = {
			isa = XCBuildConfiguration;
			baseConfigurationReference = 82060E21A83C88D9DE1783CA /* Pods-ServerAPIDemo.release.xcconfig */;
			buildSettings = {
				ASSETCATALOG_COMPILER_APPICON_NAME = AppIcon;
				CODE_SIGN_STYLE = Automatic;
				INFOPLIST_FILE = ServerAPIDemo/Info.plist;
				LD_RUNPATH_SEARCH_PATHS = "$(inherited) @executable_path/Frameworks";
				PRODUCT_BUNDLE_IDENTIFIER = com.tangtao.ServerAPIDemo;
				PRODUCT_NAME = "$(TARGET_NAME)";
				SWIFT_VERSION = 3.0;
				TARGETED_DEVICE_FAMILY = "1,2";
			};
			name = Release;
		};
/* End XCBuildConfiguration section */

/* Begin XCConfigurationList section */
		96A63CF21FB73C6B006D1865 /* Build configuration list for PBXProject "ServerAPIDemo" */ = {
			isa = XCConfigurationList;
			buildConfigurations = (
				96A63D071FB73C6B006D1865 /* Debug */,
				96A63D081FB73C6B006D1865 /* Release */,
			);
			defaultConfigurationIsVisible = 0;
			defaultConfigurationName = Release;
		};
		96A63D091FB73C6B006D1865 /* Build configuration list for PBXNativeTarget "ServerAPIDemo" */ = {
			isa = XCConfigurationList;
			buildConfigurations = (
				96A63D0A1FB73C6B006D1865 /* Debug */,
				96A63D0B1FB73C6B006D1865 /* Release */,
			);
			defaultConfigurationIsVisible = 0;
			defaultConfigurationName = Release;
		};
/* End XCConfigurationList section */
	};
	rootObject = 96A63CEF1FB73C6B006D1865 /* Project object */;
}
